// !$*UTF8*$!
{
	archiveVersion = 1;
	classes = {
	};
	objectVersion = 77;
	objects = {

/* Begin PBXBuildFile section */
		3FB3A0D12FC959C500D4462C /* Auth in Frameworks */ = {isa = PBXBuildFile; productRef = 3FB3A0D02FC959C500D4462C /* Auth */; };
		3FB3A0D32FC959CE00D4462C /* Storage in Frameworks */ = {isa = PBXBuildFile; productRef = 3FB3A0D22FC959CE00D4462C /* Storage */; };
		3FB3A0D52FC959F900D4462C /* Supabase in Frameworks */ = {isa = PBXBuildFile; productRef = 3FB3A0D42FC959F900D4462C /* Supabase */; };
/* End PBXBuildFile section */

/* Begin PBXContainerItemProxy section */
		3FB39FFD2FC92B8A00D4462C /* PBXContainerItemProxy */ = {
			isa = PBXContainerItemProxy;
			containerPortal = 3FB39FE72FC92B8900D4462C /* Project object */;
			proxyType = 1;
			remoteGlobalIDString = 3FB39FEE2FC92B8900D4462C;
			remoteInfo = "Taste Match";
		};
		3FB3A0072FC92B8A00D4462C /* PBXContainerItemProxy */ = {
			isa = PBXContainerItemProxy;
			containerPortal = 3FB39FE72FC92B8900D4462C /* Project object */;
			proxyType = 1;
			remoteGlobalIDString = 3FB39FEE2FC92B8900D4462C;
			remoteInfo = "Taste Match";
		};
/* End PBXContainerItemProxy section */

/* Begin PBXFileReference section */
		3FB39FEF2FC92B8900D4462C /* Taste Match.app */ = {isa = PBXFileReference; explicitFileType = wrapper.application; includeInIndex = 0; path = "Taste Match.app"; sourceTree = BUILT_PRODUCTS_DIR; };
		3FB39FFC2FC92B8A00D4462C /* Taste MatchTests.xctest */ = {isa = PBXFileReference; explicitFileType = wrapper.cfbundle; includeInIndex = 0; path = "Taste MatchTests.xctest"; sourceTree = BUILT_PRODUCTS_DIR; };
		3FB3A0062FC92B8A00D4462C /* Taste MatchUITests.xctest */ = {isa = PBXFileReference; explicitFileType = wrapper.cfbundle; includeInIndex = 0; path = "Taste MatchUITests.xctest"; sourceTree = BUILT_PRODUCTS_DIR; };
		3FB3A05A2FC932AD00D4462C /* XCTest.framework */ = {isa = PBXFileReference; lastKnownFileType = wrapper.framework; name = XCTest.framework; path = Platforms/MacOSX.platform/Developer/Library/Frameworks/XCTest.framework; sourceTree = DEVELOPER_DIR; };
/* End PBXFileReference section */

/* Begin PBXFileSystemSynchronizedRootGroup section */
		3FB39FF12FC92B8900D4462C /* Taste Match */ = {
			isa = PBXFileSystemSynchronizedRootGroup;
			path = "Taste Match";
			sourceTree = "<group>";
		};
		3FB39FFF2FC92B8A00D4462C /* Taste MatchTests */ = {
			isa = PBXFileSystemSynchronizedRootGroup;
			path = "Taste MatchTests";
			sourceTree = "<group>";
		};
		3FB3A0092FC92B8A00D4462C /* Taste MatchUITests */ = {
			isa = PBXFileSystemSynchronizedRootGroup;
			path = "Taste MatchUITests";
			sourceTree = "<group>";
		};
/* End PBXFileSystemSynchronizedRootGroup section */

/* Begin PBXFrameworksBuildPhase section */
		3FB39FEC2FC92B8900D4462C /* Frameworks */ = {
			isa = PBXFrameworksBuildPhase;
			buildActionMask = 2147483647;
			files = (
				3FB3A0D32FC959CE00D4462C /* Storage in Frameworks */,
				3FB3A0D12FC959C500D4462C /* Auth in Frameworks */,
				3FB3A0D52FC959F900D4462C /* Supabase in Frameworks */,
			);
			runOnlyForDeploymentPostprocessing = 0;
		};
		3FB39FF92FC92B8A00D4462C /* Frameworks */ = {
			isa = PBXFrameworksBuildPhase;
			buildActionMask = 2147483647;
			files = (
			);
			runOnlyForDeploymentPostprocessing = 0;
		};
		3FB3A0032FC92B8A00D4462C /* Frameworks */ = {
			isa = PBXFrameworksBuildPhase;
			buildActionMask = 2147483647;
			files = (
			);
			runOnlyForDeploymentPostprocessing = 0;
		};
/* End PBXFrameworksBuildPhase section */

/* Begin PBXGroup section */
		3FB39FE62FC92B8900D4462C = {
			isa = PBXGroup;
			children = (
				3FB39FF12FC92B8900D4462C /* Taste Match */,
				3FB39FFF2FC92B8A00D4462C /* Taste MatchTests */,
				3FB3A0092FC92B8A00D4462C /* Taste MatchUITests */,
				3FB3A0592FC932AD00D4462C /* Frameworks */,
				3FB39FF02FC92B8900D4462C /* Products */,
			);
			sourceTree = "<group>";
		};
		3FB39FF02FC92B8900D4462C /* Products */ = {
			isa = PBXGroup;
			children = (
				3FB39FEF2FC92B8900D4462C /* Taste Match.app */,
				3FB39FFC2FC92B8A00D4462C /* Taste MatchTests.xctest */,
				3FB3A0062FC92B8A00D4462C /* Taste MatchUITests.xctest */,
			);
			name = Products;
			sourceTree = "<group>";
		};
		3FB3A0592FC932AD00D4462C /* Frameworks */ = {
			isa = PBXGroup;
			children = (
				3FB3A05A2FC932AD00D4462C /* XCTest.framework */,
			);
			name = Frameworks;
			sourceTree = "<group>";
		};
/* End PBXGroup section */

/* Begin PBXNativeTarget section */
		3FB39FEE2FC92B8900D4462C /* Taste Match */ = {
			isa = PBXNativeTarget;
			buildConfigurationList = 3FB3A0102FC92B8A00D4462C /* Build configuration list for PBXNativeTarget "Taste Match" */;
			buildPhases = (
				3FB39FEB2FC92B8900D4462C /* Sources */,
				3FB39FEC2FC92B8900D4462C /* Frameworks */,
				3FB39FED2FC92B8900D4462C /* Resources */,
			);
			buildRules = (
			);
			dependencies = (
			);
			fileSystemSynchronizedGroups = (
				3FB39FF12FC92B8900D4462C /* Taste Match */,
			);
			name = "Taste Match";
			packageProductDependencies = (
				3FB3A0D02FC959C500D4462C /* Auth */,
				3FB3A0D22FC959CE00D4462C /* Storage */,
				3FB3A0D42FC959F900D4462C /* Supabase */,
			);
			productName = "Taste Match";
			productReference = 3FB39FEF2FC92B8900D4462C /* Taste Match.app */;
			productType = "com.apple.product-type.application";
		};
		3FB39FFB2FC92B8A00D4462C /* Taste MatchTests */ = {
			isa = PBXNativeTarget;
			buildConfigurationList = 3FB3A0132FC92B8A00D4462C /* Build configuration list for PBXNativeTarget "Taste MatchTests" */;
			buildPhases = (
				3FB39FF82FC92B8A00D4462C /* Sources */,
				3FB39FF92FC92B8A00D4462C /* Frameworks */,
				3FB39FFA2FC92B8A00D4462C /* Resources */,
			);
			buildRules = (
			);
			dependencies = (
				3FB39FFE2FC92B8A00D4462C /* PBXTargetDependency */,
			);
			fileSystemSynchronizedGroups = (
				3FB39FFF2FC92B8A00D4462C /* Taste MatchTests */,
			);
			name = "Taste MatchTests";
			packageProductDependencies = (
			);
			productName = "Taste MatchTests";
			productReference = 3FB39FFC2FC92B8A00D4462C /* Taste MatchTests.xctest */;
			productType = "com.apple.product-type.bundle.unit-test";
		};
		3FB3A0052FC92B8A00D4462C /* Taste MatchUITests */ = {
			isa = PBXNativeTarget;
			buildConfigurationList = 3FB3A0162FC92B8A00D4462C /* Build configuration list for PBXNativeTarget "Taste MatchUITests" */;
			buildPhases = (
				3FB3A0022FC92B8A00D4462C /* Sources */,
				3FB3A0032FC92B8A00D4462C /* Frameworks */,
				3FB3A0042FC92B8A00D4462C /* Resources */,
			);
			buildRules = (
			);
			dependencies = (
				3FB3A0082FC92B8A00D4462C /* PBXTargetDependency */,
			);
			fileSystemSynchronizedGroups = (
				3FB3A0092FC92B8A00D4462C /* Taste MatchUITests */,
			);
			name = "Taste MatchUITests";
			packageProductDependencies = (
			);
			productName = "Taste MatchUITests";
			productReference = 3FB3A0062FC92B8A00D4462C /* Taste MatchUITests.xctest */;
			productType = "com.apple.product-type.bundle.ui-testing";
		};
/* End PBXNativeTarget section */

/* Begin PBXProject section */
		3FB39FE72FC92B8900D4462C /* Project object */ = {
			isa = PBXProject;
			attributes = {
				BuildIndependentTargetsInParallel = 1;
				LastSwiftUpdateCheck = 2640;
				LastUpgradeCheck = 2640;
				TargetAttributes = {
					3FB39FEE2FC92B8900D4462C = {
						CreatedOnToolsVersion = 26.4.1;
					};
					3FB39FFB2FC92B8A00D4462C = {
						CreatedOnToolsVersion = 26.4.1;
						TestTargetID = 3FB39FEE2FC92B8900D4462C;
					};
					3FB3A0052FC92B8A00D4462C = {
						CreatedOnToolsVersion = 26.4.1;
						TestTargetID = 3FB39FEE2FC92B8900D4462C;
					};
				};
			};
			buildConfigurationList = 3FB39FEA2FC92B8900D4462C /* Build configuration list for PBXProject "Taste Match" */;
			developmentRegion = en;
			hasScannedForEncodings = 0;
			knownRegions = (
				en,
				Base,
			);
			mainGroup = 3FB39FE62FC92B8900D4462C;
			minimizedProjectReferenceProxies = 1;
			packageReferences = (
				3FB3A0B42FC93E7C00D4462C /* XCRemoteSwiftPackageReference "supabase-swift" */,
			);
			preferredProjectObjectVersion = 77;
			productRefGroup = 3FB39FF02FC92B8900D4462C /* Products */;
			projectDirPath = "";
			projectRoot = "";
			targets = (
				3FB39FEE2FC92B8900D4462C /* Taste Match */,
				3FB39FFB2FC92B8A00D4462C /* Taste MatchTests */,
				3FB3A0052FC92B8A00D4462C /* Taste MatchUITests */,
			);
		};
/* End PBXProject section */

/* Begin PBXResourcesBuildPhase section */
		3FB39FED2FC92B8900D4462C /* Resources */ = {
			isa = PBXResourcesBuildPhase;
			buildActionMask = 2147483647;
			files = (
			);
			runOnlyForDeploymentPostprocessing = 0;
		};
		3FB39FFA2FC92B8A00D4462C /* Resources */ = {
			isa = PBXResourcesBuildPhase;
			buildActionMask = 2147483647;
			files = (
			);
			runOnlyForDeploymentPostprocessing = 0;
		};
		3FB3A0042FC92B8A00D4462C /* Resources */ = {
			isa = PBXResourcesBuildPhase;
			buildActionMask = 2147483647;
			files = (
			);
			runOnlyForDeploymentPostprocessing = 0;
		};
/* End PBXResourcesBuildPhase section */

/* Begin PBXSourcesBuildPhase section */
		3FB39FEB2FC92B8900D4462C /* Sources */ = {
			isa = PBXSourcesBuildPhase;
			buildActionMask = 2147483647;
			files = (
			);
			runOnlyForDeploymentPostprocessing = 0;
		};
		3FB39FF82FC92B8A00D4462C /* Sources */ = {
			isa = PBXSourcesBuildPhase;
			buildActionMask = 2147483647;
			files = (
			);
			runOnlyForDeploymentPostprocessing = 0;
		};
		3FB3A0022FC92B8A00D4462C /* Sources */ = {
			isa = PBXSourcesBuildPhase;
			buildActionMask = 2147483647;
			files = (
			);
			runOnlyForDeploymentPostprocessing = 0;
		};
/* End PBXSourcesBuildPhase section */

/* Begin PBXTargetDependency section */
		3FB39FFE2FC92B8A00D4462C /* PBXTargetDependency */ = {
			isa = PBXTargetDependency;
			target = 3FB39FEE2FC92B8900D4462C /* Taste Match */;
			targetProxy = 3FB39FFD2FC92B8A00D4462C /* PBXContainerItemProxy */;
		};
		3FB3A0082FC92B8A00D4462C /* PBXTargetDependency */ = {
			isa = PBXTargetDependency;
			target = 3FB39FEE2FC92B8900D4462C /* Taste Match */;
			targetProxy = 3FB3A0072FC92B8A00D4462C /* PBXContainerItemProxy */;
		};
/* End PBXTargetDependency section */

/* Begin XCBuildConfiguration section */
		3FB3A00E2FC92B8A00D4462C /* Debug */ = {
			isa = XCBuildConfiguration;
			buildSettings = {
				ALWAYS_SEARCH_USER_PATHS = NO;
				ASSETCATALOG_COMPILER_GENERATE_SWIFT_ASSET_SYMBOL_EXTENSIONS = YES;
				CLANG_ANALYZER_NONNULL = YES;
				CLANG_ANALYZER_NUMBER_OBJECT_CONVERSION = YES_AGGRESSIVE;
				CLANG_CXX_LANGUAGE_STANDARD = "gnu++20";
				CLANG_ENABLE_MODULES = YES;
				CLANG_ENABLE_OBJC_ARC = YES;
				CLANG_ENABLE_OBJC_WEAK = YES;
				CLANG_WARN_BLOCK_CAPTURE_AUTORELEASING = YES;
				CLANG_WARN_BOOL_CONVERSION = YES;
				CLANG_WARN_COMMA = YES;
				CLANG_WARN_CONSTANT_CONVERSION = YES;
				CLANG_WARN_DEPRECATED_OBJC_IMPLEMENTATIONS = YES;
				CLANG_WARN_DIRECT_OBJC_ISA_USAGE = YES_ERROR;
				CLANG_WARN_DOCUMENTATION_COMMENTS = YES;
				CLANG_WARN_EMPTY_BODY = YES;
				CLANG_WARN_ENUM_CONVERSION = YES;
				CLANG_WARN_INFINITE_RECURSION = YES;
				CLANG_WARN_INT_CONVERSION = YES;
				CLANG_WARN_NON_LITERAL_NULL_CONVERSION = YES;
				CLANG_WARN_OBJC_IMPLICIT_RETAIN_SELF = YES;
				CLANG_WARN_OBJC_LITERAL_CONVERSION = YES;
				CLANG_WARN_OBJC_ROOT_CLASS = YES_ERROR;
				CLANG_WARN_QUOTED_INCLUDE_IN_FRAMEWORK_HEADER = YES;
				CLANG_WARN_RANGE_LOOP_ANALYSIS = YES;
				CLANG_WARN_STRICT_PROTOTYPES = YES;
				CLANG_WARN_SUSPICIOUS_MOVE = YES;
				CLANG_WARN_UNGUARDED_AVAILABILITY = YES_AGGRESSIVE;
				CLANG_WARN_UNREACHABLE_CODE = YES;
				CLANG_WARN__DUPLICATE_METHOD_MATCH = YES;
				COPY_PHASE_STRIP = NO;
				DEBUG_INFORMATION_FORMAT = dwarf;
				ENABLE_STRICT_OBJC_MSGSEND = YES;
				ENABLE_TESTABILITY = YES;
				ENABLE_USER_SCRIPT_SANDBOXING = YES;
				GCC_C_LANGUAGE_STANDARD = gnu17;
				GCC_DYNAMIC_NO_PIC = NO;
				GCC_NO_COMMON_BLOCKS = YES;
				GCC_OPTIMIZATION_LEVEL = 0;
				GCC_PREPROCESSOR_DEFINITIONS = (
					"DEBUG=1",
					"$(inherited)",
				);
				GCC_WARN_64_TO_32_BIT_CONVERSION = YES;
				GCC_WARN_ABOUT_RETURN_TYPE = YES_ERROR;
				GCC_WARN_UNDECLARED_SELECTOR = YES;
				GCC_WARN_UNINITIALIZED_AUTOS = YES_AGGRESSIVE;
				GCC_WARN_UNUSED_FUNCTION = YES;
				GCC_WARN_UNUSED_VARIABLE = YES;
				LOCALIZATION_PREFERS_STRING_CATALOGS = YES;
				MTL_ENABLE_DEBUG_INFO = INCLUDE_SOURCE;
				MTL_FAST_MATH = YES;
				ONLY_ACTIVE_ARCH = YES;
				SWIFT_ACTIVE_COMPILATION_CONDITIONS = "DEBUG $(inherited)";
				SWIFT_OPTIMIZATION_LEVEL = "-Onone";
			};
			name = Debug;
		};
		3FB3A00F2FC92B8A00D4462C /* Release */ = {
			isa = XCBuildConfiguration;
			buildSettings = {
				ALWAYS_SEARCH_USER_PATHS = NO;
				ASSETCATALOG_COMPILER_GENERATE_SWIFT_ASSET_SYMBOL_EXTENSIONS = YES;
				CLANG_ANALYZER_NONNULL = YES;
				CLANG_ANALYZER_NUMBER_OBJECT_CONVERSION = YES_AGGRESSIVE;
				CLANG_CXX_LANGUAGE_STANDARD = "gnu++20";
				CLANG_ENABLE_MODULES = YES;
				CLANG_ENABLE_OBJC_ARC = YES;
				CLANG_ENABLE_OBJC_WEAK = YES;
				CLANG_WARN_BLOCK_CAPTURE_AUTORELEASING = YES;
				CLANG_WARN_BOOL_CONVERSION = YES;
				CLANG_WARN_COMMA = YES;
				CLANG_WARN_CONSTANT_CONVERSION = YES;
				CLANG_WARN_DEPRECATED_OBJC_IMPLEMENTATIONS = YES;
				CLANG_WARN_DIRECT_OBJC_ISA_USAGE = YES_ERROR;
				CLANG_WARN_DOCUMENTATION_COMMENTS = YES;
				CLANG_WARN_EMPTY_BODY = YES;
				CLANG_WARN_ENUM_CONVERSION = YES;
				CLANG_WARN_INFINITE_RECURSION = YES;
				CLANG_WARN_INT_CONVERSION = YES;
				CLANG_WARN_NON_LITERAL_NULL_CONVERSION = YES;
				CLANG_WARN_OBJC_IMPLICIT_RETAIN_SELF = YES;
				CLANG_WARN_OBJC_LITERAL_CONVERSION = YES;
				CLANG_WARN_OBJC_ROOT_CLASS = YES_ERROR;
				CLANG_WARN_QUOTED_INCLUDE_IN_FRAMEWORK_HEADER = YES;
				CLANG_WARN_RANGE_LOOP_ANALYSIS = YES;
				CLANG_WARN_STRICT_PROTOTYPES = YES;
				CLANG_WARN_SUSPICIOUS_MOVE = YES;
				CLANG_WARN_UNGUARDED_AVAILABILITY = YES_AGGRESSIVE;
				CLANG_WARN_UNREACHABLE_CODE = YES;
				CLANG_WARN__DUPLICATE_METHOD_MATCH = YES;
				COPY_PHASE_STRIP = NO;
				DEBUG_INFORMATION_FORMAT = "dwarf-with-dsym";
				ENABLE_NS_ASSERTIONS = NO;
				ENABLE_STRICT_OBJC_MSGSEND = YES;
				ENABLE_USER_SCRIPT_SANDBOXING = YES;
				GCC_C_LANGUAGE_STANDARD = gnu17;
				GCC_NO_COMMON_BLOCKS = YES;
				GCC_WARN_64_TO_32_BIT_CONVERSION = YES;
				GCC_WARN_ABOUT_RETURN_TYPE = YES_ERROR;
				GCC_WARN_UNDECLARED_SELECTOR = YES;
				GCC_WARN_UNINITIALIZED_AUTOS = YES_AGGRESSIVE;
				GCC_WARN_UNUSED_FUNCTION = YES;
				GCC_WARN_UNUSED_VARIABLE = YES;
				LOCALIZATION_PREFERS_STRING_CATALOGS = YES;
				MTL_ENABLE_DEBUG_INFO = NO;
				MTL_FAST_MATH = YES;
				SWIFT_COMPILATION_MODE = wholemodule;
			};
			name = Release;
		};
		3FB3A0112FC92B8A00D4462C /* Debug */ = {
			isa = XCBuildConfiguration;
			buildSettings = {
				ASSETCATALOG_COMPILER_APPICON_NAME = AppIcon;
				ASSETCATALOG_COMPILER_GLOBAL_ACCENT_COLOR_NAME = AccentColor;
				CODE_SIGN_STYLE = Automatic;
				CURRENT_PROJECT_VERSION = 1;
				ENABLE_APP_SANDBOX = YES;
				ENABLE_PREVIEWS = YES;
				ENABLE_USER_SELECTED_FILES = readonly;
				GENERATE_INFOPLIST_FILE = YES;
				INFOPLIST_FILE = "Taste-Match-Info.plist";
				INFOPLIST_KEY_NSCameraUsageDescription = "Match Taste uses your camera to record recipe videos";
				INFOPLIST_KEY_NSMicrophoneUsageDescription = "Match Taste uses your microphone to record sound";
				INFOPLIST_KEY_NSPhotoLibraryUsageDescription = "Match Taste uses your library to upload files";
				"INFOPLIST_KEY_UIApplicationSceneManifest_Generation[sdk=iphoneos*]" = YES;
				"INFOPLIST_KEY_UIApplicationSceneManifest_Generation[sdk=iphonesimulator*]" = YES;
				"INFOPLIST_KEY_UIApplicationSupportsIndirectInputEvents[sdk=iphoneos*]" = YES;
				"INFOPLIST_KEY_UIApplicationSupportsIndirectInputEvents[sdk=iphonesimulator*]" = YES;
				"INFOPLIST_KEY_UILaunchScreen_Generation[sdk=iphoneos*]" = YES;
				"INFOPLIST_KEY_UILaunchScreen_Generation[sdk=iphonesimulator*]" = YES;
				"INFOPLIST_KEY_UIStatusBarStyle[sdk=iphoneos*]" = UIStatusBarStyleDefault;
				"INFOPLIST_KEY_UIStatusBarStyle[sdk=iphonesimulator*]" = UIStatusBarStyleDefault;
				INFOPLIST_KEY_UISupportedInterfaceOrientations_iPad = "UIInterfaceOrientationPortrait UIInterfaceOrientationPortraitUpsideDown UIInterfaceOrientationLandscapeLeft UIInterfaceOrientationLandscapeRight";
				INFOPLIST_KEY_UISupportedInterfaceOrientations_iPhone = "UIInterfaceOrientationPortrait UIInterfaceOrientationLandscapeLeft UIInterfaceOrientationLandscapeRight";
				IPHONEOS_DEPLOYMENT_TARGET = 17.0;
				LD_RUNPATH_SEARCH_PATHS = "@executable_path/Frameworks";
				"LD_RUNPATH_SEARCH_PATHS[sdk=macosx*]" = "@executable_path/../Frameworks";
				MACOSX_DEPLOYMENT_TARGET = 17.0;
				MARKETING_VERSION = 1.0;
				PRODUCT_BUNDLE_IDENTIFIER = "com.Jermy.Taste-Match";
				PRODUCT_NAME = "$(TARGET_NAME)";
				REGISTER_APP_GROUPS = YES;
				SDKROOT = auto;
				STRING_CATALOG_GENERATE_SYMBOLS = YES;
				SUPPORTED_PLATFORMS = "iphoneos iphonesimulator macosx xros xrsimulator";
				SWIFT_APPROACHABLE_CONCURRENCY = YES;
				SWIFT_DEFAULT_ACTOR_ISOLATION = MainActor;
				SWIFT_EMIT_LOC_STRINGS = YES;
				SWIFT_UPCOMING_FEATURE_MEMBER_IMPORT_VISIBILITY = YES;
				SWIFT_VERSION = 5.0;
				TARGETED_DEVICE_FAMILY = "1,2,7";
				XROS_DEPLOYMENT_TARGET = 17.0;
			};
			name = Debug;
		};
		3FB3A0122FC92B8A00D4462C /* Release */ = {
			isa = XCBuildConfiguration;
			buildSettings = {
				ASSETCATALOG_COMPILER_APPICON_NAME = AppIcon;
				ASSETCATALOG_COMPILER_GLOBAL_ACCENT_COLOR_NAME = AccentColor;
				CODE_SIGN_STYLE = Automatic;
				CURRENT_PROJECT_VERSION = 1;
				ENABLE_APP_SANDBOX = YES;
				ENABLE_PREVIEWS = YES;
				ENABLE_USER_SELECTED_FILES = readonly;
				GENERATE_INFOPLIST_FILE = YES;
				INFOPLIST_FILE = "Taste-Match-Info.plist";
				INFOPLIST_KEY_NSCameraUsageDescription = "Match Taste uses your camera to record recipe videos";
				INFOPLIST_KEY_NSMicrophoneUsageDescription = "Match Taste uses your microphone to record sound";
				INFOPLIST_KEY_NSPhotoLibraryUsageDescription = "Match Taste uses your library to upload files";
				"INFOPLIST_KEY_UIApplicationSceneManifest_Generation[sdk=iphoneos*]" = YES;
				"INFOPLIST_KEY_UIApplicationSceneManifest_Generation[sdk=iphonesimulator*]" = YES;
				"INFOPLIST_KEY_UIApplicationSupportsIndirectInputEvents[sdk=iphoneos*]" = YES;
				"INFOPLIST_KEY_UIApplicationSupportsIndirectInputEvents[sdk=iphonesimulator*]" = YES;
				"INFOPLIST_KEY_UILaunchScreen_Generation[sdk=iphoneos*]" = YES;
				"INFOPLIST_KEY_UILaunchScreen_Generation[sdk=iphonesimulator*]" = YES;
				"INFOPLIST_KEY_UIStatusBarStyle[sdk=iphoneos*]" = UIStatusBarStyleDefault;
				"INFOPLIST_KEY_UIStatusBarStyle[sdk=iphonesimulator*]" = UIStatusBarStyleDefault;
				INFOPLIST_KEY_UISupportedInterfaceOrientations_iPad = "UIInterfaceOrientationPortrait UIInterfaceOrientationPortraitUpsideDown UIInterfaceOrientationLandscapeLeft UIInterfaceOrientationLandscapeRight";
				INFOPLIST_KEY_UISupportedInterfaceOrientations_iPhone = "UIInterfaceOrientationPortrait UIInterfaceOrientationLandscapeLeft UIInterfaceOrientationLandscapeRight";
				IPHONEOS_DEPLOYMENT_TARGET = 17.0;
				LD_RUNPATH_SEARCH_PATHS = "@executable_path/Frameworks";
				"LD_RUNPATH_SEARCH_PATHS[sdk=macosx*]" = "@executable_path/../Frameworks";
				MACOSX_DEPLOYMENT_TARGET = 17.0;
				MARKETING_VERSION = 1.0;
				PRODUCT_BUNDLE_IDENTIFIER = "com.Jermy.Taste-Match";
				PRODUCT_NAME = "$(TARGET_NAME)";
				REGISTER_APP_GROUPS = YES;
				SDKROOT = auto;
				STRING_CATALOG_GENERATE_SYMBOLS = YES;
				SUPPORTED_PLATFORMS = "iphoneos iphonesimulator macosx xros xrsimulator";
				SWIFT_APPROACHABLE_CONCURRENCY = YES;
				SWIFT_DEFAULT_ACTOR_ISOLATION = MainActor;
				SWIFT_EMIT_LOC_STRINGS = YES;
				SWIFT_UPCOMING_FEATURE_MEMBER_IMPORT_VISIBILITY = YES;
				SWIFT_VERSION = 5.0;
				TARGETED_DEVICE_FAMILY = "1,2,7";
				XROS_DEPLOYMENT_TARGET = 17.0;
			};
			name = Release;
		};
		3FB3A0142FC92B8A00D4462C /* Debug */ = {
			isa = XCBuildConfiguration;
			buildSettings = {
				BUNDLE_LOADER = "$(TEST_HOST)";
				CODE_SIGN_STYLE = Automatic;
				CURRENT_PROJECT_VERSION = 1;
				GENERATE_INFOPLIST_FILE = YES;
				IPHONEOS_DEPLOYMENT_TARGET = 26.4;
				MACOSX_DEPLOYMENT_TARGET = 26.4;
				MARKETING_VERSION = 1.0;
				PRODUCT_BUNDLE_IDENTIFIER = "com.Jermy.Taste-MatchTests";
				PRODUCT_NAME = "$(TARGET_NAME)";
				SDKROOT = auto;
				STRING_CATALOG_GENERATE_SYMBOLS = NO;
				SUPPORTED_PLATFORMS = "iphoneos iphonesimulator macosx xros xrsimulator";
				SWIFT_APPROACHABLE_CONCURRENCY = YES;
				SWIFT_EMIT_LOC_STRINGS = NO;
				SWIFT_UPCOMING_FEATURE_MEMBER_IMPORT_VISIBILITY = YES;
				SWIFT_VERSION = 5.0;
				TARGETED_DEVICE_FAMILY = "1,2,7";
				TEST_HOST = "$(BUILT_PRODUCTS_DIR)/Taste Match.app/$(BUNDLE_EXECUTABLE_FOLDER_PATH)/Taste Match";
				XROS_DEPLOYMENT_TARGET = 26.4;
			};
			name = Debug;
		};
		3FB3A0152FC92B8A00D4462C /* Release */ = {
			isa = XCBuildConfiguration;
			buildSettings = {
				BUNDLE_LOADER = "$(TEST_HOST)";
				CODE_SIGN_STYLE = Automatic;
				CURRENT_PROJECT_VERSION = 1;
				GENERATE_INFOPLIST_FILE = YES;
				IPHONEOS_DEPLOYMENT_TARGET = 26.4;
				MACOSX_DEPLOYMENT_TARGET = 26.4;
				MARKETING_VERSION = 1.0;
				PRODUCT_BUNDLE_IDENTIFIER = "com.Jermy.Taste-MatchTests";
				PRODUCT_NAME = "$(TARGET_NAME)";
				SDKROOT = auto;
				STRING_CATALOG_GENERATE_SYMBOLS = NO;
				SUPPORTED_PLATFORMS = "iphoneos iphonesimulator macosx xros xrsimulator";
				SWIFT_APPROACHABLE_CONCURRENCY = YES;
				SWIFT_EMIT_LOC_STRINGS = NO;
				SWIFT_UPCOMING_FEATURE_MEMBER_IMPORT_VISIBILITY = YES;
				SWIFT_VERSION = 5.0;
				TARGETED_DEVICE_FAMILY = "1,2,7";
				TEST_HOST = "$(BUILT_PRODUCTS_DIR)/Taste Match.app/$(BUNDLE_EXECUTABLE_FOLDER_PATH)/Taste Match";
				XROS_DEPLOYMENT_TARGET = 26.4;
			};
			name = Release;
		};
		3FB3A0172FC92B8A00D4462C /* Debug */ = {
			isa = XCBuildConfiguration;
			buildSettings = {
				CODE_SIGN_STYLE = Automatic;
				CURRENT_PROJECT_VERSION = 1;
				GENERATE_INFOPLIST_FILE = YES;
				IPHONEOS_DEPLOYMENT_TARGET = 26.4;
				MACOSX_DEPLOYMENT_TARGET = 26.4;
				MARKETING_VERSION = 1.0;
				PRODUCT_BUNDLE_IDENTIFIER = "com.Jermy.Taste-MatchUITests";
				PRODUCT_NAME = "$(TARGET_NAME)";
				SDKROOT = auto;
				STRING_CATALOG_GENERATE_SYMBOLS = NO;
				SUPPORTED_PLATFORMS = "iphoneos iphonesimulator macosx xros xrsimulator";
				SWIFT_APPROACHABLE_CONCURRENCY = YES;
				SWIFT_EMIT_LOC_STRINGS = NO;
				SWIFT_UPCOMING_FEATURE_MEMBER_IMPORT_VISIBILITY = YES;
				SWIFT_VERSION = 5.0;
				TARGETED_DEVICE_FAMILY = "1,2,7";
				TEST_TARGET_NAME = "Taste Match";
				XROS_DEPLOYMENT_TARGET = 26.4;
			};
			name = Debug;
		};
		3FB3A0182FC92B8A00D4462C /* Release */ = {
			isa = XCBuildConfiguration;
			buildSettings = {
				CODE_SIGN_STYLE = Automatic;
				CURRENT_PROJECT_VERSION = 1;
				GENERATE_INFOPLIST_FILE = YES;
				IPHONEOS_DEPLOYMENT_TARGET = 26.4;
				MACOSX_DEPLOYMENT_TARGET = 26.4;
				MARKETING_VERSION = 1.0;
				PRODUCT_BUNDLE_IDENTIFIER = "com.Jermy.Taste-MatchUITests";
				PRODUCT_NAME = "$(TARGET_NAME)";
				SDKROOT = auto;
				STRING_CATALOG_GENERATE_SYMBOLS = NO;
				SUPPORTED_PLATFORMS = "iphoneos iphonesimulator macosx xros xrsimulator";
				SWIFT_APPROACHABLE_CONCURRENCY = YES;
				SWIFT_EMIT_LOC_STRINGS = NO;
				SWIFT_UPCOMING_FEATURE_MEMBER_IMPORT_VISIBILITY = YES;
				SWIFT_VERSION = 5.0;
				TARGETED_DEVICE_FAMILY = "1,2,7";
				TEST_TARGET_NAME = "Taste Match";
				XROS_DEPLOYMENT_TARGET = 26.4;
			};
			name = Release;
		};
/* End XCBuildConfiguration section */

/* Begin XCConfigurationList section */
		3FB39FEA2FC92B8900D4462C /* Build configuration list for PBXProject "Taste Match" */ = {
			isa = XCConfigurationList;
			buildConfigurations = (
				3FB3A00E2FC92B8A00D4462C /* Debug */,
				3FB3A00F2FC92B8A00D4462C /* Release */,
			);
			defaultConfigurationIsVisible = 0;
			defaultConfigurationName = Release;
		};
		3FB3A0102FC92B8A00D4462C /* Build configuration list for PBXNativeTarget "Taste Match" */ = {
			isa = XCConfigurationList;
			buildConfigurations = (
				3FB3A0112FC92B8A00D4462C /* Debug */,
				3FB3A0122FC92B8A00D4462C /* Release */,
			);
			defaultConfigurationIsVisible = 0;
			defaultConfigurationName = Release;
		};
		3FB3A0132FC92B8A00D4462C /* Build configuration list for PBXNativeTarget "Taste MatchTests" */ = {
			isa = XCConfigurationList;
			buildConfigurations = (
				3FB3A0142FC92B8A00D4462C /* Debug */,
				3FB3A0152FC92B8A00D4462C /* Release */,
			);
			defaultConfigurationIsVisible = 0;
			defaultConfigurationName = Release;
		};
		3FB3A0162FC92B8A00D4462C /* Build configuration list for PBXNativeTarget "Taste MatchUITests" */ = {
			isa = XCConfigurationList;
			buildConfigurations = (
				3FB3A0172FC92B8A00D4462C /* Debug */,
				3FB3A0182FC92B8A00D4462C /* Release */,
			);
			defaultConfigurationIsVisible = 0;
			defaultConfigurationName = Release;
		};
/* End XCConfigurationList section */

/* Begin XCRemoteSwiftPackageReference section */
		3FB3A0B42FC93E7C00D4462C /* XCRemoteSwiftPackageReference "supabase-swift" */ = {
			isa = XCRemoteSwiftPackageReference;
			repositoryURL = "https://github.com/supabase/supabase-swift";
			requirement = {
				kind = upToNextMajorVersion;
				minimumVersion = 2.5.1;
			};
		};
/* End XCRemoteSwiftPackageReference section */

/* Begin XCSwiftPackageProductDependency section */
		3FB3A0D02FC959C500D4462C /* Auth */ = {
			isa = XCSwiftPackageProductDependency;
			package = 3FB3A0B42FC93E7C00D4462C /* XCRemoteSwiftPackageReference "supabase-swift" */;
			productName = Auth;
		};
		3FB3A0D22FC959CE00D4462C /* Storage */ = {
			isa = XCSwiftPackageProductDependency;
			package = 3FB3A0B42FC93E7C00D4462C /* XCRemoteSwiftPackageReference "supabase-swift" */;
			productName = Storage;
		};
		3FB3A0D42FC959F900D4462C /* Supabase */ = {
			isa = XCSwiftPackageProductDependency;
			package = 3FB3A0B42FC93E7C00D4462C /* XCRemoteSwiftPackageReference "supabase-swift" */;
			productName = Supabase;
		};
/* End XCSwiftPackageProductDependency section */
	};
	rootObject = 3FB39FE72FC92B8900D4462C /* Project object */;
}
